
Microsoft Visual Studio Solution File, Format Version 12.00
# Visual Studio Version 16
VisualStudioVersion = 16.0.31729.503
MinimumVisualStudioVersion = 10.0.40219.1
Project("{FAE04EC0-301F-11D3-BF4B-00C04F79EFBC}") = "ECommerce", "ECommerce\ECommerce.csproj", "{4807FED3-7CCB-45E1-9BFB-C6774A3CA0A3}"
EndProject
Global
	GlobalSection(SolutionConfigurationPlatforms) = preSolution
		Debug|Any CPU = Debug|Any CPU
		Release|Any CPU = Release|Any CPU
	EndGlobalSection
	GlobalSection(ProjectConfigurationPlatforms) = postSolution
		{4807FED3-7CCB-45E1-9BFB-C6774A3CA0A3}.Debug|Any CPU.ActiveCfg = Debug|Any CPU
		{4807FED3-7CCB-45E1-9BFB-C6774A3CA0A3}.Debug|Any CPU.Build.0 = Debug|Any CPU
		{4807FED3-7CCB-45E1-9BFB-C6774A3CA0A3}.Release|Any CPU.ActiveCfg = Release|Any CPU
		{4807FED3-7CCB-45E1-9BFB-C6774A3CA0A3}.Release|Any CPU.Build.0 = Release|Any CPU
	EndGlobalSection
	GlobalSection(SolutionProperties) = preSolution
		HideSolutionNode = FALSE
	EndGlobalSection
	GlobalSection(ExtensibilityGlobals) = postSolution
		SolutionGuid = {BB3A399A-C04A-4037-9FA9-A4CC1C2958E7}
	EndGlobalSection
EndGlobal
